
Microsoft Visual Studio Solution File, Format Version 12.00
# Visual Studio 14
VisualStudioVersion = 14.0.25420.1
MinimumVisualStudioVersion = 10.0.40219.1
Project("{FAE04EC0-301F-11D3-BF4B-00C04F79EFBC}") = "Flutterwave", "Flutterwave\Flutterwave.csproj", "{CCF7BB9F-8486-42CD-B55D-E2E7FB59BFD5}"
EndProject
Project("{FAE04EC0-301F-11D3-BF4B-00C04F79EFBC}") = "Example", "Example\Example.csproj", "{8A44921B-5F79-493C-9BB1-F88FA7803E57}"
EndProject
Project("{FAE04EC0-301F-11D3-BF4B-00C04F79EFBC}") = "Flutterwave.Moneywave", "Flutterwave.Moneywave\Flutterwave.Moneywave.csproj", "{17E071E5-B797-4F2B-9FDB-AAC1AF3ACAAD}"
EndProject
Global
	GlobalSection(SolutionConfigurationPlatforms) = preSolution
		Debug|Any CPU = Debug|Any CPU
		Release|Any CPU = Release|Any CPU
	EndGlobalSection
	GlobalSection(ProjectConfigurationPlatforms) = postSolution
		{CCF7BB9F-8486-42CD-B55D-E2E7FB59BFD5}.Debug|Any CPU.ActiveCfg = Debug|Any CPU
		{CCF7BB9F-8486-42CD-B55D-E2E7FB59BFD5}.Debug|Any CPU.Build.0 = Debug|Any CPU
		{CCF7BB9F-8486-42CD-B55D-E2E7FB59BFD5}.Release|Any CPU.ActiveCfg = Release|Any CPU
		{CCF7BB9F-8486-42CD-B55D-E2E7FB59BFD5}.Release|Any CPU.Build.0 = Release|Any CPU
		{8A44921B-5F79-493C-9BB1-F88FA7803E57}.Debug|Any CPU.ActiveCfg = Debug|Any CPU
		{8A44921B-5F79-493C-9BB1-F88FA7803E57}.Debug|Any CPU.Build.0 = Debug|Any CPU
		{8A44921B-5F79-493C-9BB1-F88FA7803E57}.Release|Any CPU.ActiveCfg = Release|Any CPU
		{8A44921B-5F79-493C-9BB1-F88FA7803E57}.Release|Any CPU.Build.0 = Release|Any CPU
		{17E071E5-B797-4F2B-9FDB-AAC1AF3ACAAD}.Debug|Any CPU.ActiveCfg = Debug|Any CPU
		{17E071E5-B797-4F2B-9FDB-AAC1AF3ACAAD}.Debug|Any CPU.Build.0 = Debug|Any CPU
		{17E071E5-B797-4F2B-9FDB-AAC1AF3ACAAD}.Release|Any CPU.ActiveCfg = Release|Any CPU
		{17E071E5-B797-4F2B-9FDB-AAC1AF3ACAAD}.Release|Any CPU.Build.0 = Release|Any CPU
	EndGlobalSection
	GlobalSection(SolutionProperties) = preSolution
		HideSolutionNode = FALSE
	EndGlobalSection
EndGlobal
